
Microsoft Visual Studio Solution File, Format Version 12.00
# Visual Studio Version 16
VisualStudioVersion = 16.0.31829.152
MinimumVisualStudioVersion = 10.0.40219.1
Project("{FAE04EC0-301F-11D3-BF4B-00C04F79EFBC}") = "WpfTask7", "WpfTask7\WpfTask7.csproj", "{31CE46EC-FA4B-45EE-ABC2-89102108BC9A}"
EndProject
Global
	GlobalSection(SolutionConfigurationPlatforms) = preSolution
		Debug|Any CPU = Debug|Any CPU
		Release|Any CPU = Release|Any CPU
	EndGlobalSection
	GlobalSection(ProjectConfigurationPlatforms) = postSolution
		{31CE46EC-FA4B-45EE-ABC2-89102108BC9A}.Debug|Any CPU.ActiveCfg = Debug|Any CPU
		{31CE46EC-FA4B-45EE-ABC2-89102108BC9A}.Debug|Any CPU.Build.0 = Debug|Any CPU
		{31CE46EC-FA4B-45EE-ABC2-89102108BC9A}.Release|Any CPU.ActiveCfg = Release|Any CPU
		{31CE46EC-FA4B-45EE-ABC2-89102108BC9A}.Release|Any CPU.Build.0 = Release|Any CPU
	EndGlobalSection
	GlobalSection(SolutionProperties) = preSolution
		HideSolutionNode = FALSE
	EndGlobalSection
	GlobalSection(ExtensibilityGlobals) = postSolution
		SolutionGuid = {24604B8B-B7E7-450C-8F53-DD1785E800FD}
	EndGlobalSection
EndGlobal
